
Microsoft Visual Studio Solution File, Format Version 12.00
# Visual Studio Version 17
VisualStudioVersion = 17.4.33213.308
MinimumVisualStudioVersion = 10.0.40219.1
Project("{FAE04EC0-301F-11D3-BF4B-00C04F79EFBC}") = "Runas", "Runas\Runas.csproj", "{E7F6B04A-5E9A-43B5-950C-92F05A55E761}"
EndProject
Global
	GlobalSection(SolutionConfigurationPlatforms) = preSolution
		Debug|Any CPU = Debug|Any CPU
		Release|Any CPU = Release|Any CPU
	EndGlobalSection
	GlobalSection(ProjectConfigurationPlatforms) = postSolution
		{E7F6B04A-5E9A-43B5-950C-92F05A55E761}.Debug|Any CPU.ActiveCfg = Debug|Any CPU
		{E7F6B04A-5E9A-43B5-950C-92F05A55E761}.Debug|Any CPU.Build.0 = Debug|Any CPU
		{E7F6B04A-5E9A-43B5-950C-92F05A55E761}.Release|Any CPU.ActiveCfg = Release|Any CPU
		{E7F6B04A-5E9A-43B5-950C-92F05A55E761}.Release|Any CPU.Build.0 = Release|Any CPU
	EndGlobalSection
	GlobalSection(SolutionProperties) = preSolution
		HideSolutionNode = FALSE
	EndGlobalSection
	GlobalSection(ExtensibilityGlobals) = postSolution
		SolutionGuid = {6D90260A-8627-498A-B715-3F5066E8B178}
	EndGlobalSection
EndGlobal
